
Microsoft Visual Studio Solution File, Format Version 12.00
# Visual Studio 15
VisualStudioVersion = 15.0.28307.902
MinimumVisualStudioVersion = 10.0.40219.1
Project("{888888A0-9F3D-457C-B088-3A5042F75D52}") = "SVM", "SVM\SVM.pyproj", "{49847AC9-0F10-4C6B-9DC6-6A26386A4936}"
EndProject
Global
	GlobalSection(SolutionConfigurationPlatforms) = preSolution
		Debug|Any CPU = Debug|Any CPU
		Release|Any CPU = Release|Any CPU
	EndGlobalSection
	GlobalSection(ProjectConfigurationPlatforms) = postSolution
		{49847AC9-0F10-4C6B-9DC6-6A26386A4936}.Debug|Any CPU.ActiveCfg = Debug|Any CPU
		{49847AC9-0F10-4C6B-9DC6-6A26386A4936}.Release|Any CPU.ActiveCfg = Release|Any CPU
	EndGlobalSection
	GlobalSection(SolutionProperties) = preSolution
		HideSolutionNode = FALSE
	EndGlobalSection
	GlobalSection(ExtensibilityGlobals) = postSolution
		SolutionGuid = {F4A621A7-266F-4B3D-B1E1-D7EE051E2D50}
	EndGlobalSection
EndGlobal
