
Microsoft Visual Studio Solution File, Format Version 12.00
# Visual Studio 15
VisualStudioVersion = 15.0.28307.902
MinimumVisualStudioVersion = 10.0.40219.1
Project("{888888A0-9F3D-457C-B088-3A5042F75D52}") = "Bayesian Claassifier", "Bayesian Claassifier\Bayesian Claassifier.pyproj", "{E6811F25-911E-4256-80BA-665840B64B81}"
EndProject
Global
	GlobalSection(SolutionConfigurationPlatforms) = preSolution
		Debug|Any CPU = Debug|Any CPU
		Release|Any CPU = Release|Any CPU
	EndGlobalSection
	GlobalSection(ProjectConfigurationPlatforms) = postSolution
		{E6811F25-911E-4256-80BA-665840B64B81}.Debug|Any CPU.ActiveCfg = Debug|Any CPU
		{E6811F25-911E-4256-80BA-665840B64B81}.Release|Any CPU.ActiveCfg = Release|Any CPU
	EndGlobalSection
	GlobalSection(SolutionProperties) = preSolution
		HideSolutionNode = FALSE
	EndGlobalSection
	GlobalSection(ExtensibilityGlobals) = postSolution
		SolutionGuid = {FA9ACE2C-45C9-4ADB-AEFA-59EF462947F7}
	EndGlobalSection
EndGlobal
